{
  "name": "mailhog-test",
  "version": "1.0.0",
  "lockfileVersion": 3,
  "requires": true,
  "packages": {
    "": {
      "name": "mailhog-test",
      "version": "1.0.0",
      "license": "ISC",
      "dependencies": {
        "@lando/php": "^1.0.0"
      }
    },
    "node_modules/@lando/php": {
      "version": "1.0.0",
      "resolved": "https://registry.npmjs.org/@lando/php/-/php-1.0.0.tgz",
      "integrity": "sha512-V8agZOazxpeytCV/OxcL7oxgRQq+lVyb7EyOCPNsBAlXQ2LEOVzbXhFufC1exhOoLxTHu18jdOyx44E5vlc3mg==",
      "bundleDependencies": [
        "@lando/nginx",
        "lodash",
        "semver"
      ],
      "dependencies": {
        "@lando/nginx": "0.11.0",
        "lodash": "^4.17.21",
        "semver": "^7.3.7"
      },
      "engines": {
        "node": ">=18.0.0"
      }
    },
    "node_modules/@lando/php/node_modules/@lando/nginx": {
      "version": "0.11.0",
      "bundleDependencies": [
        "lodash"
      ],
      "inBundle": true,
      "license": "GPL-3.0",
      "dependencies": {
        "lodash": "^4.17.21"
      },
      "engines": {
        "node": ">=16.0.0"
      }
    },
    "node_modules/@lando/php/node_modules/@lando/nginx/node_modules/lodash": {
      "version": "4.17.21",
      "inBundle": true,
      "license": "MIT"
    },
    "node_modules/@lando/php/node_modules/lodash": {
      "version": "4.17.21",
      "inBundle": true,
      "license": "MIT"
    },
    "node_modules/@lando/php/node_modules/semver": {
      "version": "7.5.4",
      "inBundle": true,
      "license": "ISC",
      "dependencies": {
        "lru-cache": "^6.0.0"
      },
      "bin": {
        "semver": "bin/semver.js"
      },
      "engines": {
        "node": ">=10"
      }
    },
    "node_modules/@lando/php/node_modules/semver/node_modules/lru-cache": {
      "version": "6.0.0",
      "inBundle": true,
      "license": "ISC",
      "dependencies": {
        "yallist": "^4.0.0"
      },
      "engines": {
        "node": ">=10"
      }
    },
    "node_modules/@lando/php/node_modules/semver/node_modules/yallist": {
      "version": "4.0.0",
      "inBundle": true,
      "license": "ISC"
    }
  }
}
